{
  "lockfile_version": "1",
  "packages": {
    "go@latest": {
      "last_modified": "2024-12-23T21:10:33Z",
      "resolved": "github:NixOS/nixpkgs/de1864217bfa9b5845f465e771e0ecb48b30e02d#go",
      "source": "devbox-search",
      "version": "1.23.4",
      "systems": {
        "aarch64-darwin": {
          "outputs": [
            {
              "name": "out",
              "path": "/nix/store/bva4mymi5b2lhvvbccx8ipws89rar1d8-go-1.23.4",
              "default": true
            }
          ],
          "store_path": "/nix/store/bva4mymi5b2lhvvbccx8ipws89rar1d8-go-1.23.4"
        },
        "aarch64-linux": {
          "outputs": [
            {
              "name": "out",
              "path": "/nix/store/9lvi0l2yf6bwamsjs5d5n9i57c6kbd2c-go-1.23.4",
              "default": true
            }
          ],
          "store_path": "/nix/store/9lvi0l2yf6bwamsjs5d5n9i57c6kbd2c-go-1.23.4"
        },
        "x86_64-darwin": {
          "outputs": [
            {
              "name": "out",
              "path": "/nix/store/sf1y7x29wvp9lppx5ya9h5b42fcmxb32-go-1.23.4",
              "default": true
            }
          ],
          "store_path": "/nix/store/sf1y7x29wvp9lppx5ya9h5b42fcmxb32-go-1.23.4"
        },
        "x86_64-linux": {
          "outputs": [
            {
              "name": "out",
              "path": "/nix/store/jfv85qbj4vb1dafcg6kncg4vrbq2bbxv-go-1.23.4",
              "default": true
            }
          ],
          "store_path": "/nix/store/jfv85qbj4vb1dafcg6kncg4vrbq2bbxv-go-1.23.4"
        }
      }
    },
    "hugo@latest": {
      "last_modified": "2025-01-19T08:16:51Z",
      "resolved": "github:NixOS/nixpkgs/50165c4f7eb48ce82bd063e1fb8047a0f515f8ce#hugo",
      "source": "devbox-search",
      "version": "0.141.0",
      "systems": {
        "aarch64-darwin": {
          "outputs": [
            {
              "name": "out",
              "path": "/nix/store/7xgisj4cbxcf64l9a8lw2ncd4qk0gxan-hugo-0.141.0",
              "default": true
            }
          ],
          "store_path": "/nix/store/7xgisj4cbxcf64l9a8lw2ncd4qk0gxan-hugo-0.141.0"
        },
        "aarch64-linux": {
          "outputs": [
            {
              "name": "out",
              "path": "/nix/store/1bvni5pkpz36dfs3f25spnz38wqpxhpk-hugo-0.141.0",
              "default": true
            }
          ],
          "store_path": "/nix/store/1bvni5pkpz36dfs3f25spnz38wqpxhpk-hugo-0.141.0"
        },
        "x86_64-darwin": {
          "outputs": [
            {
              "name": "out",
              "path": "/nix/store/m5gjb3a99lyqfsly8zm4r8jk3dp9d824-hugo-0.141.0",
              "default": true
            }
          ],
          "store_path": "/nix/store/m5gjb3a99lyqfsly8zm4r8jk3dp9d824-hugo-0.141.0"
        },
        "x86_64-linux": {
          "outputs": [
            {
              "name": "out",
              "path": "/nix/store/z44frhqllzr4f8nyq4cjyr2araz3x3n2-hugo-0.141.0",
              "default": true
            }
          ],
          "store_path": "/nix/store/z44frhqllzr4f8nyq4cjyr2araz3x3n2-hugo-0.141.0"
        }
      }
    },
    "nodejs_22@latest": {
      "last_modified": "2025-01-19T08:16:51Z",
      "plugin_version": "0.0.2",
      "resolved": "github:NixOS/nixpkgs/50165c4f7eb48ce82bd063e1fb8047a0f515f8ce#nodejs_22",
      "source": "devbox-search",
      "version": "22.12.0",
      "systems": {
        "aarch64-darwin": {
          "outputs": [
            {
              "name": "out",
              "path": "/nix/store/ygk01vha6k5zxgn9rsxi3k6cm2kbnwsc-nodejs-22.12.0",
              "default": true
            },
            {
              "name": "libv8",
              "path": "/nix/store/hvpmcjbmsyknlpjjd7a8na891fv4a81i-nodejs-22.12.0-libv8"
            }
          ],
          "store_path": "/nix/store/ygk01vha6k5zxgn9rsxi3k6cm2kbnwsc-nodejs-22.12.0"
        },
        "aarch64-linux": {
          "outputs": [
            {
              "name": "out",
              "path": "/nix/store/jdgrvyf5l99rzjayicxjw7i6p98r0rlb-nodejs-22.12.0",
              "default": true
            },
            {
              "name": "libv8",
              "path": "/nix/store/48is8354i9qwj194id0ncczkvzvfqhim-nodejs-22.12.0-libv8"
            }
          ],
          "store_path": "/nix/store/jdgrvyf5l99rzjayicxjw7i6p98r0rlb-nodejs-22.12.0"
        },
        "x86_64-darwin": {
          "outputs": [
            {
              "name": "out",
              "path": "/nix/store/6fnlali5gqihxs02adk1bdzjsya9cacp-nodejs-22.12.0",
              "default": true
            },
            {
              "name": "libv8",
              "path": "/nix/store/gvys8kz8pdw62ch2x7k25rrmcw3mqnrw-nodejs-22.12.0-libv8"
            }
          ],
          "store_path": "/nix/store/6fnlali5gqihxs02adk1bdzjsya9cacp-nodejs-22.12.0"
        },
        "x86_64-linux": {
          "outputs": [
            {
              "name": "out",
              "path": "/nix/store/k1r91cjalyc2mzzllpv5hklhqn8wvgjr-nodejs-22.12.0",
              "default": true
            },
            {
              "name": "libv8",
              "path": "/nix/store/n7x07hrc6sjhh6as6c75g15blq1c1ykh-nodejs-22.12.0-libv8"
            }
          ],
          "store_path": "/nix/store/k1r91cjalyc2mzzllpv5hklhqn8wvgjr-nodejs-22.12.0"
        }
      }
    }
  }
}
